// !$*UTF8*$!
{
	archiveVersion = 1;
	classes = {
	};
	objectVersion = 52;
	objects = {

/* Begin PBXBuildFile section */
		44172B7A55B4FD070A219ABB /* Pods_walletJobKit.framework in Frameworks */ = {isa = PBXBuildFile; fileRef = 757DCFCF14446774332781DA /* Pods_walletJobKit.framework */; };
		9DAA6DD68BFDF2ADE2639E40 /* Pods_walletJobTests.framework in Frameworks */ = {isa = PBXBuildFile; fileRef = 76D42107164314A25E938DB9 /* Pods_walletJobTests.framework */; };
		A95C91516E209D421180D83A /* Pods_walletJobKitTests.framework in Frameworks */ = {isa = PBXBuildFile; fileRef = B69B2B3EA509A07D70642641 /* Pods_walletJobKitTests.framework */; };
		FA1DDDC6243A6263004988A9 /* WelcomeInteractor.swift in Sources */ = {isa = PBXBuildFile; fileRef = FA1DDDC5243A6263004988A9 /* WelcomeInteractor.swift */; };
		FA1DDDCE243A62B1004988A9 /* WelcomePresenter.swift in Sources */ = {isa = PBXBuildFile; fileRef = FA1DDDCD243A62B1004988A9 /* WelcomePresenter.swift */; };
		FA1DDDD0243A62C1004988A9 /* WelcomeEntity.swift in Sources */ = {isa = PBXBuildFile; fileRef = FA1DDDCF243A62C1004988A9 /* WelcomeEntity.swift */; };
		FA1DDDD2243A62D6004988A9 /* WelcomeRouter.swift in Sources */ = {isa = PBXBuildFile; fileRef = FA1DDDD1243A62D6004988A9 /* WelcomeRouter.swift */; };
		FA212EED242E23E800C39799 /* AppDelegate.swift in Sources */ = {isa = PBXBuildFile; fileRef = FA212EEC242E23E800C39799 /* AppDelegate.swift */; };
		FA212EF1242E23E800C39799 /* WelcomeViewController.swift in Sources */ = {isa = PBXBuildFile; fileRef = FA212EF0242E23E800C39799 /* WelcomeViewController.swift */; };
		FA212EF6242E23ED00C39799 /* Assets.xcassets in Resources */ = {isa = PBXBuildFile; fileRef = FA212EF5242E23ED00C39799 /* Assets.xcassets */; };
		FA212EF9242E23ED00C39799 /* LaunchScreen.storyboard in Resources */ = {isa = PBXBuildFile; fileRef = FA212EF7242E23ED00C39799 /* LaunchScreen.storyboard */; };
		FA212F04242E23ED00C39799 /* walletJobTests.swift in Sources */ = {isa = PBXBuildFile; fileRef = FA212F03242E23ED00C39799 /* walletJobTests.swift */; };
		FA212F1D242E677400C39799 /* walletJobKit.framework in Frameworks */ = {isa = PBXBuildFile; fileRef = FA212F14242E677400C39799 /* walletJobKit.framework */; };
		FA212F24242E677400C39799 /* walletJobKitTests.swift in Sources */ = {isa = PBXBuildFile; fileRef = FA212F23242E677400C39799 /* walletJobKitTests.swift */; };
		FA212F26242E677400C39799 /* walletJobKit.h in Headers */ = {isa = PBXBuildFile; fileRef = FA212F16242E677400C39799 /* walletJobKit.h */; settings = {ATTRIBUTES = (Public, ); }; };
		FA212F29242E677400C39799 /* walletJobKit.framework in Frameworks */ = {isa = PBXBuildFile; fileRef = FA212F14242E677400C39799 /* walletJobKit.framework */; };
		FA212F2A242E677400C39799 /* walletJobKit.framework in Embed Frameworks */ = {isa = PBXBuildFile; fileRef = FA212F14242E677400C39799 /* walletJobKit.framework */; settings = {ATTRIBUTES = (CodeSignOnCopy, RemoveHeadersOnCopy, ); }; };
		FA212F3B242E696B00C39799 /* UIView+Helper.swift in Sources */ = {isa = PBXBuildFile; fileRef = FA212F3A242E696B00C39799 /* UIView+Helper.swift */; };
		FA212F3D242E69A000C39799 /* String+Helper.swift in Sources */ = {isa = PBXBuildFile; fileRef = FA212F3C242E69A000C39799 /* String+Helper.swift */; };
		FA212F43242FE96900C39799 /* Pods_walletJob.framework in Frameworks */ = {isa = PBXBuildFile; fileRef = 5AA1A6B7505DDDCB75891236 /* Pods_walletJob.framework */; };
<<<<<<< Updated upstream
		FA2CA0DA244384A2000AB4B0 /* WelcomeViewController.xib in Resources */ = {isa = PBXBuildFile; fileRef = FA2CA0D9244384A2000AB4B0 /* WelcomeViewController.xib */; };
		FA5264F124437CA50094348E /* RxSwift in Frameworks */ = {isa = PBXBuildFile; productRef = FA5264F024437CA50094348E /* RxSwift */; };
		FA5264F324437CA50094348E /* RxTest in Frameworks */ = {isa = PBXBuildFile; productRef = FA5264F224437CA50094348E /* RxTest */; };
		FA5264F524437CA50094348E /* RxRelay in Frameworks */ = {isa = PBXBuildFile; productRef = FA5264F424437CA50094348E /* RxRelay */; };
		FA5264F724437CA50094348E /* RxCocoa in Frameworks */ = {isa = PBXBuildFile; productRef = FA5264F624437CA50094348E /* RxCocoa */; };
		FA5264F924437CA50094348E /* RxBlocking in Frameworks */ = {isa = PBXBuildFile; productRef = FA5264F824437CA50094348E /* RxBlocking */; };
		FA5264FC24437E210094348E /* BaseViewController.swift in Sources */ = {isa = PBXBuildFile; fileRef = FA5264FB24437E210094348E /* BaseViewController.swift */; };
		FA5265022443819D0094348E /* LoginViewController.xib in Resources */ = {isa = PBXBuildFile; fileRef = FA5265012443819D0094348E /* LoginViewController.xib */; };
		FA5265032443819D0094348E /* LoginViewController.xib in Resources */ = {isa = PBXBuildFile; fileRef = FA5265012443819D0094348E /* LoginViewController.xib */; };
		FA526505244382F40094348E /* LoginViewController.swift in Sources */ = {isa = PBXBuildFile; fileRef = FA526504244382F40094348E /* LoginViewController.swift */; };
		FAF383392444A3150052865C /* UserDefaults.swift in Sources */ = {isa = PBXBuildFile; fileRef = FAF383382444A3150052865C /* UserDefaults.swift */; };
		FAF3833C2444A35C0052865C /* Constants.swift in Sources */ = {isa = PBXBuildFile; fileRef = FAF3833B2444A35C0052865C /* Constants.swift */; };
		FAF434492443AF9700BEA49E /* User.swift in Sources */ = {isa = PBXBuildFile; fileRef = FAF434482443AF9700BEA49E /* User.swift */; };
		FAF4344B2443B02200BEA49E /* Offer.swift in Sources */ = {isa = PBXBuildFile; fileRef = FAF4344A2443B02200BEA49E /* Offer.swift */; };
		FAF4345824446D4900BEA49E /* CoreData.framework in Frameworks */ = {isa = PBXBuildFile; fileRef = FAF4345724446D4900BEA49E /* CoreData.framework */; };
		FAF4345C24446E8400BEA49E /* VaultDataManager.swift in Sources */ = {isa = PBXBuildFile; fileRef = FAF4345B24446E8400BEA49E /* VaultDataManager.swift */; };
		FAF4345E24446ECA00BEA49E /* UserDataManager.swift in Sources */ = {isa = PBXBuildFile; fileRef = FAF4345D24446ECA00BEA49E /* UserDataManager.swift */; };
		FAF434602444708200BEA49E /* CacheDataManager.swift in Sources */ = {isa = PBXBuildFile; fileRef = FAF4345F2444708200BEA49E /* CacheDataManager.swift */; };
		FAF43462244472E300BEA49E /* DataManager.swift in Sources */ = {isa = PBXBuildFile; fileRef = FAF43461244472E300BEA49E /* DataManager.swift */; };
		FAF43464244475D400BEA49E /* RealmDataManager.swift in Sources */ = {isa = PBXBuildFile; fileRef = FAF43463244475D400BEA49E /* RealmDataManager.swift */; };
		FAF434662444761B00BEA49E /* CoreDataManager.swift in Sources */ = {isa = PBXBuildFile; fileRef = FAF434652444761B00BEA49E /* CoreDataManager.swift */; };
		FAF4346824447EA900BEA49E /* Cache.swift in Sources */ = {isa = PBXBuildFile; fileRef = FAF4346724447EA900BEA49E /* Cache.swift */; };
=======
		FA212F46242FF7A300C39799 /* NSError+Helper.swift in Sources */ = {isa = PBXBuildFile; fileRef = FA212F45242FF7A300C39799 /* NSError+Helper.swift */; };
		FA212F48242FF8A600C39799 /* NSObject+ClassName.swift in Sources */ = {isa = PBXBuildFile; fileRef = FA212F47242FF8A600C39799 /* NSObject+ClassName.swift */; };
		FA212F4A242FF97000C39799 /* UITableView+Helper.swift in Sources */ = {isa = PBXBuildFile; fileRef = FA212F49242FF97000C39799 /* UITableView+Helper.swift */; };
		FA212F4C2430DD9200C39799 /* UIScrollView+Helper.swift in Sources */ = {isa = PBXBuildFile; fileRef = FA212F4B2430DD9200C39799 /* UIScrollView+Helper.swift */; };
		FA67E61F243A8C2400598495 /* RegisterViewController.swift in Sources */ = {isa = PBXBuildFile; fileRef = FA67E61E243A8C2400598495 /* RegisterViewController.swift */; };
		FA67E621243A8C3500598495 /* RegisterViewController.xib in Resources */ = {isa = PBXBuildFile; fileRef = FA67E620243A8C3500598495 /* RegisterViewController.xib */; };
		FA67E623243A932400598495 /* Repository.swift in Sources */ = {isa = PBXBuildFile; fileRef = FA67E622243A932400598495 /* Repository.swift */; };
		FA67E624243A93A500598495 /* WelcomeEntity.swift in Sources */ = {isa = PBXBuildFile; fileRef = FA1DDDCF243A62C1004988A9 /* WelcomeEntity.swift */; };
		FA67E625243A947B00598495 /* Repository.swift in Sources */ = {isa = PBXBuildFile; fileRef = FA67E622243A932400598495 /* Repository.swift */; };
		FA67E627243AA12200598495 /* WelcomeInteractorProtocol.swift in Sources */ = {isa = PBXBuildFile; fileRef = FA67E626243AA12200598495 /* WelcomeInteractorProtocol.swift */; };
>>>>>>> Stashed changes
/* End PBXBuildFile section */

/* Begin PBXContainerItemProxy section */
		FA212F00242E23ED00C39799 /* PBXContainerItemProxy */ = {
			isa = PBXContainerItemProxy;
			containerPortal = FA212EE1242E23E800C39799 /* Project object */;
			proxyType = 1;
			remoteGlobalIDString = FA212EE8242E23E800C39799;
			remoteInfo = walletJob;
		};
		FA212F1E242E677400C39799 /* PBXContainerItemProxy */ = {
			isa = PBXContainerItemProxy;
			containerPortal = FA212EE1242E23E800C39799 /* Project object */;
			proxyType = 1;
			remoteGlobalIDString = FA212F13242E677400C39799;
			remoteInfo = walletJobKit;
		};
		FA212F20242E677400C39799 /* PBXContainerItemProxy */ = {
			isa = PBXContainerItemProxy;
			containerPortal = FA212EE1242E23E800C39799 /* Project object */;
			proxyType = 1;
			remoteGlobalIDString = FA212EE8242E23E800C39799;
			remoteInfo = walletJob;
		};
		FA212F27242E677400C39799 /* PBXContainerItemProxy */ = {
			isa = PBXContainerItemProxy;
			containerPortal = FA212EE1242E23E800C39799 /* Project object */;
			proxyType = 1;
			remoteGlobalIDString = FA212F13242E677400C39799;
			remoteInfo = walletJobKit;
		};
/* End PBXContainerItemProxy section */

/* Begin PBXCopyFilesBuildPhase section */
		FA212F2E242E677400C39799 /* Embed Frameworks */ = {
			isa = PBXCopyFilesBuildPhase;
			buildActionMask = 2147483647;
			dstPath = "";
			dstSubfolderSpec = 10;
			files = (
				FA212F2A242E677400C39799 /* walletJobKit.framework in Embed Frameworks */,
			);
			name = "Embed Frameworks";
			runOnlyForDeploymentPostprocessing = 0;
		};
/* End PBXCopyFilesBuildPhase section */

/* Begin PBXFileReference section */
		33277068E127A66CD3C34C12 /* Pods-walletJobKit.release.xcconfig */ = {isa = PBXFileReference; includeInIndex = 1; lastKnownFileType = text.xcconfig; name = "Pods-walletJobKit.release.xcconfig"; path = "Target Support Files/Pods-walletJobKit/Pods-walletJobKit.release.xcconfig"; sourceTree = "<group>"; };
		4ABFEE1DB1231C8481B92117 /* Pods-walletJobTests.debug.xcconfig */ = {isa = PBXFileReference; includeInIndex = 1; lastKnownFileType = text.xcconfig; name = "Pods-walletJobTests.debug.xcconfig"; path = "Target Support Files/Pods-walletJobTests/Pods-walletJobTests.debug.xcconfig"; sourceTree = "<group>"; };
		5AA1A6B7505DDDCB75891236 /* Pods_walletJob.framework */ = {isa = PBXFileReference; explicitFileType = wrapper.framework; includeInIndex = 0; path = Pods_walletJob.framework; sourceTree = BUILT_PRODUCTS_DIR; };
		73C1038DB29C936D8BE8C96D /* Pods-walletJobTests.release.xcconfig */ = {isa = PBXFileReference; includeInIndex = 1; lastKnownFileType = text.xcconfig; name = "Pods-walletJobTests.release.xcconfig"; path = "Target Support Files/Pods-walletJobTests/Pods-walletJobTests.release.xcconfig"; sourceTree = "<group>"; };
		757DCFCF14446774332781DA /* Pods_walletJobKit.framework */ = {isa = PBXFileReference; explicitFileType = wrapper.framework; includeInIndex = 0; path = Pods_walletJobKit.framework; sourceTree = BUILT_PRODUCTS_DIR; };
		76D42107164314A25E938DB9 /* Pods_walletJobTests.framework */ = {isa = PBXFileReference; explicitFileType = wrapper.framework; includeInIndex = 0; path = Pods_walletJobTests.framework; sourceTree = BUILT_PRODUCTS_DIR; };
		88685DF4ACB90F2C7E9D729C /* Pods-walletJob.debug.xcconfig */ = {isa = PBXFileReference; includeInIndex = 1; lastKnownFileType = text.xcconfig; name = "Pods-walletJob.debug.xcconfig"; path = "Target Support Files/Pods-walletJob/Pods-walletJob.debug.xcconfig"; sourceTree = "<group>"; };
		8ABF2AAA2A9158AC7769749F /* Pods-walletJob.release.xcconfig */ = {isa = PBXFileReference; includeInIndex = 1; lastKnownFileType = text.xcconfig; name = "Pods-walletJob.release.xcconfig"; path = "Target Support Files/Pods-walletJob/Pods-walletJob.release.xcconfig"; sourceTree = "<group>"; };
		9E9270BEC77880040FD9EAA5 /* Pods-walletJobKitTests.debug.xcconfig */ = {isa = PBXFileReference; includeInIndex = 1; lastKnownFileType = text.xcconfig; name = "Pods-walletJobKitTests.debug.xcconfig"; path = "Target Support Files/Pods-walletJobKitTests/Pods-walletJobKitTests.debug.xcconfig"; sourceTree = "<group>"; };
		B69B2B3EA509A07D70642641 /* Pods_walletJobKitTests.framework */ = {isa = PBXFileReference; explicitFileType = wrapper.framework; includeInIndex = 0; path = Pods_walletJobKitTests.framework; sourceTree = BUILT_PRODUCTS_DIR; };
		C7E0947440FCA9D15BB34050 /* Pods-walletJobKitTests.release.xcconfig */ = {isa = PBXFileReference; includeInIndex = 1; lastKnownFileType = text.xcconfig; name = "Pods-walletJobKitTests.release.xcconfig"; path = "Target Support Files/Pods-walletJobKitTests/Pods-walletJobKitTests.release.xcconfig"; sourceTree = "<group>"; };
		CB4866E933DA049AF2529644 /* Pods-walletJobKit.debug.xcconfig */ = {isa = PBXFileReference; includeInIndex = 1; lastKnownFileType = text.xcconfig; name = "Pods-walletJobKit.debug.xcconfig"; path = "Target Support Files/Pods-walletJobKit/Pods-walletJobKit.debug.xcconfig"; sourceTree = "<group>"; };
		FA1DDDC5243A6263004988A9 /* WelcomeInteractor.swift */ = {isa = PBXFileReference; lastKnownFileType = sourcecode.swift; path = WelcomeInteractor.swift; sourceTree = "<group>"; };
		FA1DDDCD243A62B1004988A9 /* WelcomePresenter.swift */ = {isa = PBXFileReference; lastKnownFileType = sourcecode.swift; path = WelcomePresenter.swift; sourceTree = "<group>"; };
		FA1DDDCF243A62C1004988A9 /* WelcomeEntity.swift */ = {isa = PBXFileReference; lastKnownFileType = sourcecode.swift; path = WelcomeEntity.swift; sourceTree = "<group>"; };
		FA1DDDD1243A62D6004988A9 /* WelcomeRouter.swift */ = {isa = PBXFileReference; lastKnownFileType = sourcecode.swift; path = WelcomeRouter.swift; sourceTree = "<group>"; };
		FA212EE9242E23E800C39799 /* Wallet Job Dev.app */ = {isa = PBXFileReference; explicitFileType = wrapper.application; includeInIndex = 0; path = "Wallet Job Dev.app"; sourceTree = BUILT_PRODUCTS_DIR; };
		FA212EEC242E23E800C39799 /* AppDelegate.swift */ = {isa = PBXFileReference; lastKnownFileType = sourcecode.swift; path = AppDelegate.swift; sourceTree = "<group>"; };
		FA212EF0242E23E800C39799 /* WelcomeViewController.swift */ = {isa = PBXFileReference; lastKnownFileType = sourcecode.swift; path = WelcomeViewController.swift; sourceTree = "<group>"; };
		FA212EF5242E23ED00C39799 /* Assets.xcassets */ = {isa = PBXFileReference; lastKnownFileType = folder.assetcatalog; path = Assets.xcassets; sourceTree = "<group>"; };
		FA212EF8242E23ED00C39799 /* Base */ = {isa = PBXFileReference; lastKnownFileType = file.storyboard; name = Base; path = Base.lproj/LaunchScreen.storyboard; sourceTree = "<group>"; };
		FA212EFA242E23ED00C39799 /* Info.plist */ = {isa = PBXFileReference; lastKnownFileType = text.plist.xml; path = Info.plist; sourceTree = "<group>"; };
		FA212EFF242E23ED00C39799 /* walletJobTests.xctest */ = {isa = PBXFileReference; explicitFileType = wrapper.cfbundle; includeInIndex = 0; path = walletJobTests.xctest; sourceTree = BUILT_PRODUCTS_DIR; };
		FA212F03242E23ED00C39799 /* walletJobTests.swift */ = {isa = PBXFileReference; lastKnownFileType = sourcecode.swift; path = walletJobTests.swift; sourceTree = "<group>"; };
		FA212F05242E23ED00C39799 /* Info.plist */ = {isa = PBXFileReference; lastKnownFileType = text.plist.xml; path = Info.plist; sourceTree = "<group>"; };
		FA212F14242E677400C39799 /* walletJobKit.framework */ = {isa = PBXFileReference; explicitFileType = wrapper.framework; includeInIndex = 0; path = walletJobKit.framework; sourceTree = BUILT_PRODUCTS_DIR; };
		FA212F16242E677400C39799 /* walletJobKit.h */ = {isa = PBXFileReference; lastKnownFileType = sourcecode.c.h; path = walletJobKit.h; sourceTree = "<group>"; };
		FA212F17242E677400C39799 /* Info.plist */ = {isa = PBXFileReference; lastKnownFileType = text.plist.xml; path = Info.plist; sourceTree = "<group>"; };
		FA212F1C242E677400C39799 /* walletJobKitTests.xctest */ = {isa = PBXFileReference; explicitFileType = wrapper.cfbundle; includeInIndex = 0; path = walletJobKitTests.xctest; sourceTree = BUILT_PRODUCTS_DIR; };
		FA212F23242E677400C39799 /* walletJobKitTests.swift */ = {isa = PBXFileReference; lastKnownFileType = sourcecode.swift; path = walletJobKitTests.swift; sourceTree = "<group>"; };
		FA212F25242E677400C39799 /* Info.plist */ = {isa = PBXFileReference; lastKnownFileType = text.plist.xml; path = Info.plist; sourceTree = "<group>"; };
		FA212F34242E67C500C39799 /* walletJob_debug.xcconfig */ = {isa = PBXFileReference; lastKnownFileType = text.xcconfig; path = walletJob_debug.xcconfig; sourceTree = "<group>"; };
		FA212F35242E67E600C39799 /* walletJob_release.xcconfig */ = {isa = PBXFileReference; lastKnownFileType = text.xcconfig; path = walletJob_release.xcconfig; sourceTree = "<group>"; };
		FA212F3A242E696B00C39799 /* UIView+Helper.swift */ = {isa = PBXFileReference; lastKnownFileType = sourcecode.swift; path = "UIView+Helper.swift"; sourceTree = "<group>"; };
		FA212F3C242E69A000C39799 /* String+Helper.swift */ = {isa = PBXFileReference; lastKnownFileType = sourcecode.swift; path = "String+Helper.swift"; sourceTree = "<group>"; };
<<<<<<< Updated upstream
		FA2CA0D9244384A2000AB4B0 /* WelcomeViewController.xib */ = {isa = PBXFileReference; lastKnownFileType = file.xib; path = WelcomeViewController.xib; sourceTree = "<group>"; };
		FA5264FB24437E210094348E /* BaseViewController.swift */ = {isa = PBXFileReference; lastKnownFileType = sourcecode.swift; path = BaseViewController.swift; sourceTree = "<group>"; };
		FA5265012443819D0094348E /* LoginViewController.xib */ = {isa = PBXFileReference; lastKnownFileType = file.xib; path = LoginViewController.xib; sourceTree = "<group>"; };
		FA526504244382F40094348E /* LoginViewController.swift */ = {isa = PBXFileReference; lastKnownFileType = sourcecode.swift; path = LoginViewController.swift; sourceTree = "<group>"; };
		FAF383382444A3150052865C /* UserDefaults.swift */ = {isa = PBXFileReference; lastKnownFileType = sourcecode.swift; path = UserDefaults.swift; sourceTree = "<group>"; };
		FAF3833B2444A35C0052865C /* Constants.swift */ = {isa = PBXFileReference; lastKnownFileType = sourcecode.swift; path = Constants.swift; sourceTree = "<group>"; };
		FAF434482443AF9700BEA49E /* User.swift */ = {isa = PBXFileReference; lastKnownFileType = sourcecode.swift; path = User.swift; sourceTree = "<group>"; };
		FAF4344A2443B02200BEA49E /* Offer.swift */ = {isa = PBXFileReference; lastKnownFileType = sourcecode.swift; path = Offer.swift; sourceTree = "<group>"; };
		FAF4345724446D4900BEA49E /* CoreData.framework */ = {isa = PBXFileReference; lastKnownFileType = wrapper.framework; name = CoreData.framework; path = Platforms/MacOSX.platform/Developer/SDKs/MacOSX10.15.sdk/System/Library/Frameworks/CoreData.framework; sourceTree = DEVELOPER_DIR; };
		FAF4345B24446E8400BEA49E /* VaultDataManager.swift */ = {isa = PBXFileReference; lastKnownFileType = sourcecode.swift; path = VaultDataManager.swift; sourceTree = "<group>"; };
		FAF4345D24446ECA00BEA49E /* UserDataManager.swift */ = {isa = PBXFileReference; lastKnownFileType = sourcecode.swift; path = UserDataManager.swift; sourceTree = "<group>"; };
		FAF4345F2444708200BEA49E /* CacheDataManager.swift */ = {isa = PBXFileReference; lastKnownFileType = sourcecode.swift; path = CacheDataManager.swift; sourceTree = "<group>"; };
		FAF43461244472E300BEA49E /* DataManager.swift */ = {isa = PBXFileReference; lastKnownFileType = sourcecode.swift; path = DataManager.swift; sourceTree = "<group>"; };
		FAF43463244475D400BEA49E /* RealmDataManager.swift */ = {isa = PBXFileReference; lastKnownFileType = sourcecode.swift; path = RealmDataManager.swift; sourceTree = "<group>"; };
		FAF434652444761B00BEA49E /* CoreDataManager.swift */ = {isa = PBXFileReference; lastKnownFileType = sourcecode.swift; path = CoreDataManager.swift; sourceTree = "<group>"; };
		FAF4346724447EA900BEA49E /* Cache.swift */ = {isa = PBXFileReference; lastKnownFileType = sourcecode.swift; path = Cache.swift; sourceTree = "<group>"; };
=======
		FA212F45242FF7A300C39799 /* NSError+Helper.swift */ = {isa = PBXFileReference; lastKnownFileType = sourcecode.swift; path = "NSError+Helper.swift"; sourceTree = "<group>"; };
		FA212F47242FF8A600C39799 /* NSObject+ClassName.swift */ = {isa = PBXFileReference; lastKnownFileType = sourcecode.swift; path = "NSObject+ClassName.swift"; sourceTree = "<group>"; };
		FA212F49242FF97000C39799 /* UITableView+Helper.swift */ = {isa = PBXFileReference; lastKnownFileType = sourcecode.swift; path = "UITableView+Helper.swift"; sourceTree = "<group>"; };
		FA212F4B2430DD9200C39799 /* UIScrollView+Helper.swift */ = {isa = PBXFileReference; lastKnownFileType = sourcecode.swift; path = "UIScrollView+Helper.swift"; sourceTree = "<group>"; };
		FA67E61E243A8C2400598495 /* RegisterViewController.swift */ = {isa = PBXFileReference; lastKnownFileType = sourcecode.swift; path = RegisterViewController.swift; sourceTree = "<group>"; };
		FA67E620243A8C3500598495 /* RegisterViewController.xib */ = {isa = PBXFileReference; lastKnownFileType = file.xib; path = RegisterViewController.xib; sourceTree = "<group>"; };
		FA67E622243A932400598495 /* Repository.swift */ = {isa = PBXFileReference; lastKnownFileType = sourcecode.swift; path = Repository.swift; sourceTree = "<group>"; };
		FA67E626243AA12200598495 /* WelcomeInteractorProtocol.swift */ = {isa = PBXFileReference; lastKnownFileType = sourcecode.swift; path = WelcomeInteractorProtocol.swift; sourceTree = "<group>"; };
>>>>>>> Stashed changes
/* End PBXFileReference section */

/* Begin PBXFrameworksBuildPhase section */
		FA212EE6242E23E800C39799 /* Frameworks */ = {
			isa = PBXFrameworksBuildPhase;
			buildActionMask = 2147483647;
			files = (
				FA5264F124437CA50094348E /* RxSwift in Frameworks */,
				FA212F29242E677400C39799 /* walletJobKit.framework in Frameworks */,
				FA5264F724437CA50094348E /* RxCocoa in Frameworks */,
				FA5264F524437CA50094348E /* RxRelay in Frameworks */,
				FA212F43242FE96900C39799 /* Pods_walletJob.framework in Frameworks */,
			);
			runOnlyForDeploymentPostprocessing = 0;
		};
		FA212EFC242E23ED00C39799 /* Frameworks */ = {
			isa = PBXFrameworksBuildPhase;
			buildActionMask = 2147483647;
			files = (
				FA5264F324437CA50094348E /* RxTest in Frameworks */,
				FA5264F924437CA50094348E /* RxBlocking in Frameworks */,
				9DAA6DD68BFDF2ADE2639E40 /* Pods_walletJobTests.framework in Frameworks */,
			);
			runOnlyForDeploymentPostprocessing = 0;
		};
		FA212F11242E677400C39799 /* Frameworks */ = {
			isa = PBXFrameworksBuildPhase;
			buildActionMask = 2147483647;
			files = (
				44172B7A55B4FD070A219ABB /* Pods_walletJobKit.framework in Frameworks */,
				FAF4345824446D4900BEA49E /* CoreData.framework in Frameworks */,
			);
			runOnlyForDeploymentPostprocessing = 0;
		};
		FA212F19242E677400C39799 /* Frameworks */ = {
			isa = PBXFrameworksBuildPhase;
			buildActionMask = 2147483647;
			files = (
				FA212F1D242E677400C39799 /* walletJobKit.framework in Frameworks */,
				A95C91516E209D421180D83A /* Pods_walletJobKitTests.framework in Frameworks */,
			);
			runOnlyForDeploymentPostprocessing = 0;
		};
/* End PBXFrameworksBuildPhase section */

/* Begin PBXGroup section */
		0A7E730C7C50925C01A25ED3 /* Frameworks */ = {
			isa = PBXGroup;
			children = (
				FAF4345724446D4900BEA49E /* CoreData.framework */,
				5AA1A6B7505DDDCB75891236 /* Pods_walletJob.framework */,
				757DCFCF14446774332781DA /* Pods_walletJobKit.framework */,
				B69B2B3EA509A07D70642641 /* Pods_walletJobKitTests.framework */,
				76D42107164314A25E938DB9 /* Pods_walletJobTests.framework */,
			);
			name = Frameworks;
			sourceTree = "<group>";
		};
		D0C2A3BD88FCE4224AF73ABB /* Pods */ = {
			isa = PBXGroup;
			children = (
				88685DF4ACB90F2C7E9D729C /* Pods-walletJob.debug.xcconfig */,
				8ABF2AAA2A9158AC7769749F /* Pods-walletJob.release.xcconfig */,
				CB4866E933DA049AF2529644 /* Pods-walletJobKit.debug.xcconfig */,
				33277068E127A66CD3C34C12 /* Pods-walletJobKit.release.xcconfig */,
				9E9270BEC77880040FD9EAA5 /* Pods-walletJobKitTests.debug.xcconfig */,
				C7E0947440FCA9D15BB34050 /* Pods-walletJobKitTests.release.xcconfig */,
				4ABFEE1DB1231C8481B92117 /* Pods-walletJobTests.debug.xcconfig */,
				73C1038DB29C936D8BE8C96D /* Pods-walletJobTests.release.xcconfig */,
			);
			path = Pods;
			sourceTree = "<group>";
		};
		FA1DDDC4243A5ECD004988A9 /* Interactor */ = {
			isa = PBXGroup;
			children = (
				FA1DDDC5243A6263004988A9 /* WelcomeInteractor.swift */,
				FA67E626243AA12200598495 /* WelcomeInteractorProtocol.swift */,
			);
			path = Interactor;
			sourceTree = "<group>";
		};
		FA1DDDC7243A626C004988A9 /* View */ = {
			isa = PBXGroup;
			children = (
				FA212EF0242E23E800C39799 /* WelcomeViewController.swift */,
				FA212F37242E68EC00C39799 /* WelcomeViewController.xib */,
			);
			path = View;
			sourceTree = "<group>";
		};
		FA1DDDC8243A6274004988A9 /* Presenter */ = {
			isa = PBXGroup;
			children = (
				FA1DDDCD243A62B1004988A9 /* WelcomePresenter.swift */,
			);
			path = Presenter;
			sourceTree = "<group>";
		};
		FA1DDDC9243A627D004988A9 /* Entity */ = {
			isa = PBXGroup;
			children = (
				FA1DDDCF243A62C1004988A9 /* WelcomeEntity.swift */,
			);
			path = Entity;
			sourceTree = "<group>";
		};
		FA1DDDCA243A6283004988A9 /* Router */ = {
			isa = PBXGroup;
			children = (
				FA1DDDD1243A62D6004988A9 /* WelcomeRouter.swift */,
			);
			path = Router;
			sourceTree = "<group>";
		};
		FA212EE0242E23E800C39799 = {
			isa = PBXGroup;
			children = (
				FA212EEB242E23E800C39799 /* walletJob */,
				FA212F02242E23ED00C39799 /* walletJobTests */,
				FA212F15242E677400C39799 /* walletJobKit */,
				FA212F22242E677400C39799 /* walletJobKitTests */,
				FA212EEA242E23E800C39799 /* Products */,
				D0C2A3BD88FCE4224AF73ABB /* Pods */,
				0A7E730C7C50925C01A25ED3 /* Frameworks */,
			);
			sourceTree = "<group>";
		};
		FA212EEA242E23E800C39799 /* Products */ = {
			isa = PBXGroup;
			children = (
				FA212EE9242E23E800C39799 /* Wallet Job Dev.app */,
				FA212EFF242E23ED00C39799 /* walletJobTests.xctest */,
				FA212F14242E677400C39799 /* walletJobKit.framework */,
				FA212F1C242E677400C39799 /* walletJobKitTests.xctest */,
			);
			name = Products;
			sourceTree = "<group>";
		};
		FA212EEB242E23E800C39799 /* walletJob */ = {
			isa = PBXGroup;
			children = (
				FA212EEC242E23E800C39799 /* AppDelegate.swift */,
				FA212F33242E679500C39799 /* Assets */,
				FA212F0E242E670100C39799 /* Features */,
			);
			path = walletJob;
			sourceTree = "<group>";
		};
		FA212F02242E23ED00C39799 /* walletJobTests */ = {
			isa = PBXGroup;
			children = (
				FA212F03242E23ED00C39799 /* walletJobTests.swift */,
				FA212F05242E23ED00C39799 /* Info.plist */,
			);
			path = walletJobTests;
			sourceTree = "<group>";
		};
		FA212F0E242E670100C39799 /* Features */ = {
			isa = PBXGroup;
			children = (
				FA5264FA24437E040094348E /* Commons */,
				FA212F36242E68D300C39799 /* Welcome */,
				FA67E618243A8BAE00598495 /* Register */,
				FA212F42242E6AA600C39799 /* Onboarding */,
				FA212F3F242E6A3500C39799 /* Wall */,
				FA212F3E242E6A1E00C39799 /* Login */,
				FA212F40242E6A5900C39799 /* Publish */,
				FA212F41242E6A8F00C39799 /* Profile */,
			);
			path = Features;
			sourceTree = "<group>";
		};
		FA212F15242E677400C39799 /* walletJobKit */ = {
			isa = PBXGroup;
			children = (
				FAF4344C24446ADE00BEA49E /* DataSource */,
				FA212F32242E679000C39799 /* Commons */,
				FA212F16242E677400C39799 /* walletJobKit.h */,
				FA212F17242E677400C39799 /* Info.plist */,
			);
			path = walletJobKit;
			sourceTree = "<group>";
		};
		FA212F22242E677400C39799 /* walletJobKitTests */ = {
			isa = PBXGroup;
			children = (
				FA212F23242E677400C39799 /* walletJobKitTests.swift */,
				FA212F25242E677400C39799 /* Info.plist */,
			);
			path = walletJobKitTests;
			sourceTree = "<group>";
		};
		FA212F32242E679000C39799 /* Commons */ = {
			isa = PBXGroup;
			children = (
				FAF3833A2444A3500052865C /* Assets */,
				FAF3833D2444A42A0052865C /* Networking */,
				FAF434472443AF7900BEA49E /* Entities */,
				FA212F39242E691B00C39799 /* Extensions */,
				FA67E622243A932400598495 /* Repository.swift */,
			);
			path = Commons;
			sourceTree = "<group>";
		};
		FA212F33242E679500C39799 /* Assets */ = {
			isa = PBXGroup;
			children = (
				FA212EF7242E23ED00C39799 /* LaunchScreen.storyboard */,
				FA212EF5242E23ED00C39799 /* Assets.xcassets */,
				FA212EFA242E23ED00C39799 /* Info.plist */,
				FA212F34242E67C500C39799 /* walletJob_debug.xcconfig */,
				FA212F35242E67E600C39799 /* walletJob_release.xcconfig */,
			);
			path = Assets;
			sourceTree = "<group>";
		};
		FA212F36242E68D300C39799 /* Welcome */ = {
			isa = PBXGroup;
			children = (
<<<<<<< Updated upstream
				FA212EF0242E23E800C39799 /* WelcomeViewController.swift */,
				FA2CA0D9244384A2000AB4B0 /* WelcomeViewController.xib */,
=======
				FA1DDDC7243A626C004988A9 /* View */,
				FA1DDDC4243A5ECD004988A9 /* Interactor */,
				FA1DDDC8243A6274004988A9 /* Presenter */,
				FA1DDDC9243A627D004988A9 /* Entity */,
				FA1DDDCA243A6283004988A9 /* Router */,
>>>>>>> Stashed changes
			);
			path = Welcome;
			sourceTree = "<group>";
		};
		FA212F39242E691B00C39799 /* Extensions */ = {
			isa = PBXGroup;
			children = (
				FA212F3A242E696B00C39799 /* UIView+Helper.swift */,
				FA212F47242FF8A600C39799 /* NSObject+ClassName.swift */,
				FA212F3C242E69A000C39799 /* String+Helper.swift */,
				FA212F45242FF7A300C39799 /* NSError+Helper.swift */,
				FA212F49242FF97000C39799 /* UITableView+Helper.swift */,
				FA212F4B2430DD9200C39799 /* UIScrollView+Helper.swift */,
			);
			path = Extensions;
			sourceTree = "<group>";
		};
		FA212F3E242E6A1E00C39799 /* Login */ = {
			isa = PBXGroup;
			children = (
				FA5265012443819D0094348E /* LoginViewController.xib */,
				FA526504244382F40094348E /* LoginViewController.swift */,
			);
			path = Login;
			sourceTree = "<group>";
		};
		FA212F3F242E6A3500C39799 /* Wall */ = {
			isa = PBXGroup;
			children = (
			);
			path = Wall;
			sourceTree = "<group>";
		};
		FA212F40242E6A5900C39799 /* Publish */ = {
			isa = PBXGroup;
			children = (
			);
			path = Publish;
			sourceTree = "<group>";
		};
		FA212F41242E6A8F00C39799 /* Profile */ = {
			isa = PBXGroup;
			children = (
			);
			path = Profile;
			sourceTree = "<group>";
		};
		FA212F42242E6AA600C39799 /* Onboarding */ = {
			isa = PBXGroup;
			children = (
			);
			path = Onboarding;
			sourceTree = "<group>";
		};
<<<<<<< Updated upstream
		FA5264FA24437E040094348E /* Commons */ = {
			isa = PBXGroup;
			children = (
				FA5264FB24437E210094348E /* BaseViewController.swift */,
			);
			path = Commons;
			sourceTree = "<group>";
		};
		FAF3833A2444A3500052865C /* Assets */ = {
			isa = PBXGroup;
			children = (
				FAF3833B2444A35C0052865C /* Constants.swift */,
			);
			path = Assets;
			sourceTree = "<group>";
		};
		FAF3833D2444A42A0052865C /* Networking */ = {
			isa = PBXGroup;
			children = (
			);
			path = Networking;
			sourceTree = "<group>";
		};
		FAF434472443AF7900BEA49E /* Entities */ = {
			isa = PBXGroup;
			children = (
				FAF434482443AF9700BEA49E /* User.swift */,
				FAF4344A2443B02200BEA49E /* Offer.swift */,
			);
			path = Entities;
			sourceTree = "<group>";
		};
		FAF4344C24446ADE00BEA49E /* DataSource */ = {
			isa = PBXGroup;
			children = (
				FAF4345024446B2600BEA49E /* Persistence */,
				FAF4344F24446B1A00BEA49E /* Cache */,
				FAF4344E24446B0200BEA49E /* Vault */,
				FAF4344D24446AE900BEA49E /* UserDefaults */,
				FAF43461244472E300BEA49E /* DataManager.swift */,
			);
			path = DataSource;
			sourceTree = "<group>";
		};
		FAF4344D24446AE900BEA49E /* UserDefaults */ = {
			isa = PBXGroup;
			children = (
				FAF4345D24446ECA00BEA49E /* UserDataManager.swift */,
				FAF383382444A3150052865C /* UserDefaults.swift */,
			);
			path = UserDefaults;
			sourceTree = "<group>";
		};
		FAF4344E24446B0200BEA49E /* Vault */ = {
			isa = PBXGroup;
			children = (
				FAF4345B24446E8400BEA49E /* VaultDataManager.swift */,
			);
			path = Vault;
			sourceTree = "<group>";
		};
		FAF4344F24446B1A00BEA49E /* Cache */ = {
			isa = PBXGroup;
			children = (
				FAF4345F2444708200BEA49E /* CacheDataManager.swift */,
				FAF4346724447EA900BEA49E /* Cache.swift */,
			);
			path = Cache;
			sourceTree = "<group>";
		};
		FAF4345024446B2600BEA49E /* Persistence */ = {
			isa = PBXGroup;
			children = (
				FAF4345224446B4F00BEA49E /* CoreData */,
				FAF4345124446B4900BEA49E /* Realm */,
			);
			path = Persistence;
			sourceTree = "<group>";
		};
		FAF4345124446B4900BEA49E /* Realm */ = {
			isa = PBXGroup;
			children = (
				FAF43463244475D400BEA49E /* RealmDataManager.swift */,
			);
			path = Realm;
			sourceTree = "<group>";
		};
		FAF4345224446B4F00BEA49E /* CoreData */ = {
			isa = PBXGroup;
			children = (
				FAF434652444761B00BEA49E /* CoreDataManager.swift */,
			);
			path = CoreData;
=======
		FA67E618243A8BAE00598495 /* Register */ = {
			isa = PBXGroup;
			children = (
				FA67E619243A8BD400598495 /* View */,
				FA67E61B243A8BF300598495 /* Presenter */,
				FA67E61A243A8BE800598495 /* Interactor */,
				FA67E61C243A8BF800598495 /* Entity */,
				FA67E61D243A8C0800598495 /* Router */,
			);
			path = Register;
			sourceTree = "<group>";
		};
		FA67E619243A8BD400598495 /* View */ = {
			isa = PBXGroup;
			children = (
				FA67E61E243A8C2400598495 /* RegisterViewController.swift */,
				FA67E620243A8C3500598495 /* RegisterViewController.xib */,
			);
			path = View;
			sourceTree = "<group>";
		};
		FA67E61A243A8BE800598495 /* Interactor */ = {
			isa = PBXGroup;
			children = (
			);
			path = Interactor;
			sourceTree = "<group>";
		};
		FA67E61B243A8BF300598495 /* Presenter */ = {
			isa = PBXGroup;
			children = (
			);
			path = Presenter;
			sourceTree = "<group>";
		};
		FA67E61C243A8BF800598495 /* Entity */ = {
			isa = PBXGroup;
			children = (
			);
			path = Entity;
			sourceTree = "<group>";
		};
		FA67E61D243A8C0800598495 /* Router */ = {
			isa = PBXGroup;
			children = (
			);
			path = Router;
>>>>>>> Stashed changes
			sourceTree = "<group>";
		};
/* End PBXGroup section */

/* Begin PBXHeadersBuildPhase section */
		FA212F0F242E677400C39799 /* Headers */ = {
			isa = PBXHeadersBuildPhase;
			buildActionMask = 2147483647;
			files = (
				FA212F26242E677400C39799 /* walletJobKit.h in Headers */,
			);
			runOnlyForDeploymentPostprocessing = 0;
		};
/* End PBXHeadersBuildPhase section */

/* Begin PBXNativeTarget section */
		FA212EE8242E23E800C39799 /* walletJob */ = {
			isa = PBXNativeTarget;
			buildConfigurationList = FA212F08242E23ED00C39799 /* Build configuration list for PBXNativeTarget "walletJob" */;
			buildPhases = (
				A641A3D68C57738C6A12A0B7 /* [CP] Check Pods Manifest.lock */,
				FA212EE5242E23E800C39799 /* Sources */,
				FA212EE6242E23E800C39799 /* Frameworks */,
				FA212EE7242E23E800C39799 /* Resources */,
				FA212F2E242E677400C39799 /* Embed Frameworks */,
				E93AC83EAE4F3DF11EC4ACF2 /* [CP] Embed Pods Frameworks */,
			);
			buildRules = (
			);
			dependencies = (
				FA212F28242E677400C39799 /* PBXTargetDependency */,
			);
			name = walletJob;
			packageProductDependencies = (
				FA5264F024437CA50094348E /* RxSwift */,
				FA5264F424437CA50094348E /* RxRelay */,
				FA5264F624437CA50094348E /* RxCocoa */,
			);
			productName = walletJob;
			productReference = FA212EE9242E23E800C39799 /* Wallet Job Dev.app */;
			productType = "com.apple.product-type.application";
		};
		FA212EFE242E23ED00C39799 /* walletJobTests */ = {
			isa = PBXNativeTarget;
			buildConfigurationList = FA212F0B242E23ED00C39799 /* Build configuration list for PBXNativeTarget "walletJobTests" */;
			buildPhases = (
				30C256158F92287E4E4CB7B2 /* [CP] Check Pods Manifest.lock */,
				FA212EFB242E23ED00C39799 /* Sources */,
				FA212EFC242E23ED00C39799 /* Frameworks */,
				FA212EFD242E23ED00C39799 /* Resources */,
			);
			buildRules = (
			);
			dependencies = (
				FA212F01242E23ED00C39799 /* PBXTargetDependency */,
			);
			name = walletJobTests;
			packageProductDependencies = (
				FA5264F224437CA50094348E /* RxTest */,
				FA5264F824437CA50094348E /* RxBlocking */,
			);
			productName = walletJobTests;
			productReference = FA212EFF242E23ED00C39799 /* walletJobTests.xctest */;
			productType = "com.apple.product-type.bundle.unit-test";
		};
		FA212F13242E677400C39799 /* walletJobKit */ = {
			isa = PBXNativeTarget;
			buildConfigurationList = FA212F2B242E677400C39799 /* Build configuration list for PBXNativeTarget "walletJobKit" */;
			buildPhases = (
				860FFD593616E10234916075 /* [CP] Check Pods Manifest.lock */,
				FA212F0F242E677400C39799 /* Headers */,
				FA212F10242E677400C39799 /* Sources */,
				FA212F11242E677400C39799 /* Frameworks */,
				FA212F12242E677400C39799 /* Resources */,
			);
			buildRules = (
			);
			dependencies = (
			);
			name = walletJobKit;
			productName = walletJobKit;
			productReference = FA212F14242E677400C39799 /* walletJobKit.framework */;
			productType = "com.apple.product-type.framework";
		};
		FA212F1B242E677400C39799 /* walletJobKitTests */ = {
			isa = PBXNativeTarget;
			buildConfigurationList = FA212F2F242E677400C39799 /* Build configuration list for PBXNativeTarget "walletJobKitTests" */;
			buildPhases = (
				E23D7DD7EACF93C42C2FB575 /* [CP] Check Pods Manifest.lock */,
				FA212F18242E677400C39799 /* Sources */,
				FA212F19242E677400C39799 /* Frameworks */,
				FA212F1A242E677400C39799 /* Resources */,
			);
			buildRules = (
			);
			dependencies = (
				FA212F1F242E677400C39799 /* PBXTargetDependency */,
				FA212F21242E677400C39799 /* PBXTargetDependency */,
			);
			name = walletJobKitTests;
			productName = walletJobKitTests;
			productReference = FA212F1C242E677400C39799 /* walletJobKitTests.xctest */;
			productType = "com.apple.product-type.bundle.unit-test";
		};
/* End PBXNativeTarget section */

/* Begin PBXProject section */
		FA212EE1242E23E800C39799 /* Project object */ = {
			isa = PBXProject;
			attributes = {
				LastSwiftUpdateCheck = 1140;
				LastUpgradeCheck = 1140;
				ORGANIZATIONNAME = alexware;
				TargetAttributes = {
					FA212EE8242E23E800C39799 = {
						CreatedOnToolsVersion = 11.4;
					};
					FA212EFE242E23ED00C39799 = {
						CreatedOnToolsVersion = 11.4;
						TestTargetID = FA212EE8242E23E800C39799;
					};
					FA212F13242E677400C39799 = {
						CreatedOnToolsVersion = 11.4;
						LastSwiftMigration = 1140;
					};
					FA212F1B242E677400C39799 = {
						CreatedOnToolsVersion = 11.4;
						TestTargetID = FA212EE8242E23E800C39799;
					};
				};
			};
			buildConfigurationList = FA212EE4242E23E800C39799 /* Build configuration list for PBXProject "walletJob" */;
			compatibilityVersion = "Xcode 9.3";
			developmentRegion = en;
			hasScannedForEncodings = 0;
			knownRegions = (
				en,
				Base,
			);
			mainGroup = FA212EE0242E23E800C39799;
			packageReferences = (
				FA5264EF24437CA50094348E /* XCRemoteSwiftPackageReference "RxSwift" */,
			);
			productRefGroup = FA212EEA242E23E800C39799 /* Products */;
			projectDirPath = "";
			projectRoot = "";
			targets = (
				FA212EE8242E23E800C39799 /* walletJob */,
				FA212EFE242E23ED00C39799 /* walletJobTests */,
				FA212F13242E677400C39799 /* walletJobKit */,
				FA212F1B242E677400C39799 /* walletJobKitTests */,
			);
		};
/* End PBXProject section */

/* Begin PBXResourcesBuildPhase section */
		FA212EE7242E23E800C39799 /* Resources */ = {
			isa = PBXResourcesBuildPhase;
			buildActionMask = 2147483647;
			files = (
				FA5265022443819D0094348E /* LoginViewController.xib in Resources */,
				FA2CA0DA244384A2000AB4B0 /* WelcomeViewController.xib in Resources */,
				FA212EF9242E23ED00C39799 /* LaunchScreen.storyboard in Resources */,
				FA212EF6242E23ED00C39799 /* Assets.xcassets in Resources */,
<<<<<<< Updated upstream
=======
				FA212F38242E68EC00C39799 /* WelcomeViewController.xib in Resources */,
				FA67E621243A8C3500598495 /* RegisterViewController.xib in Resources */,
>>>>>>> Stashed changes
			);
			runOnlyForDeploymentPostprocessing = 0;
		};
		FA212EFD242E23ED00C39799 /* Resources */ = {
			isa = PBXResourcesBuildPhase;
			buildActionMask = 2147483647;
			files = (
			);
			runOnlyForDeploymentPostprocessing = 0;
		};
		FA212F12242E677400C39799 /* Resources */ = {
			isa = PBXResourcesBuildPhase;
			buildActionMask = 2147483647;
			files = (
				FA5265032443819D0094348E /* LoginViewController.xib in Resources */,
			);
			runOnlyForDeploymentPostprocessing = 0;
		};
		FA212F1A242E677400C39799 /* Resources */ = {
			isa = PBXResourcesBuildPhase;
			buildActionMask = 2147483647;
			files = (
			);
			runOnlyForDeploymentPostprocessing = 0;
		};
/* End PBXResourcesBuildPhase section */

/* Begin PBXShellScriptBuildPhase section */
		30C256158F92287E4E4CB7B2 /* [CP] Check Pods Manifest.lock */ = {
			isa = PBXShellScriptBuildPhase;
			buildActionMask = 2147483647;
			files = (
			);
			inputFileListPaths = (
			);
			inputPaths = (
				"${PODS_PODFILE_DIR_PATH}/Podfile.lock",
				"${PODS_ROOT}/Manifest.lock",
			);
			name = "[CP] Check Pods Manifest.lock";
			outputFileListPaths = (
			);
			outputPaths = (
				"$(DERIVED_FILE_DIR)/Pods-walletJobTests-checkManifestLockResult.txt",
			);
			runOnlyForDeploymentPostprocessing = 0;
			shellPath = /bin/sh;
			shellScript = "diff \"${PODS_PODFILE_DIR_PATH}/Podfile.lock\" \"${PODS_ROOT}/Manifest.lock\" > /dev/null\nif [ $? != 0 ] ; then\n    # print error to STDERR\n    echo \"error: The sandbox is not in sync with the Podfile.lock. Run 'pod install' or update your CocoaPods installation.\" >&2\n    exit 1\nfi\n# This output is used by Xcode 'outputs' to avoid re-running this script phase.\necho \"SUCCESS\" > \"${SCRIPT_OUTPUT_FILE_0}\"\n";
			showEnvVarsInLog = 0;
		};
		860FFD593616E10234916075 /* [CP] Check Pods Manifest.lock */ = {
			isa = PBXShellScriptBuildPhase;
			buildActionMask = 2147483647;
			files = (
			);
			inputFileListPaths = (
			);
			inputPaths = (
				"${PODS_PODFILE_DIR_PATH}/Podfile.lock",
				"${PODS_ROOT}/Manifest.lock",
			);
			name = "[CP] Check Pods Manifest.lock";
			outputFileListPaths = (
			);
			outputPaths = (
				"$(DERIVED_FILE_DIR)/Pods-walletJobKit-checkManifestLockResult.txt",
			);
			runOnlyForDeploymentPostprocessing = 0;
			shellPath = /bin/sh;
			shellScript = "diff \"${PODS_PODFILE_DIR_PATH}/Podfile.lock\" \"${PODS_ROOT}/Manifest.lock\" > /dev/null\nif [ $? != 0 ] ; then\n    # print error to STDERR\n    echo \"error: The sandbox is not in sync with the Podfile.lock. Run 'pod install' or update your CocoaPods installation.\" >&2\n    exit 1\nfi\n# This output is used by Xcode 'outputs' to avoid re-running this script phase.\necho \"SUCCESS\" > \"${SCRIPT_OUTPUT_FILE_0}\"\n";
			showEnvVarsInLog = 0;
		};
		A641A3D68C57738C6A12A0B7 /* [CP] Check Pods Manifest.lock */ = {
			isa = PBXShellScriptBuildPhase;
			buildActionMask = 2147483647;
			files = (
			);
			inputFileListPaths = (
			);
			inputPaths = (
				"${PODS_PODFILE_DIR_PATH}/Podfile.lock",
				"${PODS_ROOT}/Manifest.lock",
			);
			name = "[CP] Check Pods Manifest.lock";
			outputFileListPaths = (
			);
			outputPaths = (
				"$(DERIVED_FILE_DIR)/Pods-walletJob-checkManifestLockResult.txt",
			);
			runOnlyForDeploymentPostprocessing = 0;
			shellPath = /bin/sh;
			shellScript = "diff \"${PODS_PODFILE_DIR_PATH}/Podfile.lock\" \"${PODS_ROOT}/Manifest.lock\" > /dev/null\nif [ $? != 0 ] ; then\n    # print error to STDERR\n    echo \"error: The sandbox is not in sync with the Podfile.lock. Run 'pod install' or update your CocoaPods installation.\" >&2\n    exit 1\nfi\n# This output is used by Xcode 'outputs' to avoid re-running this script phase.\necho \"SUCCESS\" > \"${SCRIPT_OUTPUT_FILE_0}\"\n";
			showEnvVarsInLog = 0;
		};
		E23D7DD7EACF93C42C2FB575 /* [CP] Check Pods Manifest.lock */ = {
			isa = PBXShellScriptBuildPhase;
			buildActionMask = 2147483647;
			files = (
			);
			inputFileListPaths = (
			);
			inputPaths = (
				"${PODS_PODFILE_DIR_PATH}/Podfile.lock",
				"${PODS_ROOT}/Manifest.lock",
			);
			name = "[CP] Check Pods Manifest.lock";
			outputFileListPaths = (
			);
			outputPaths = (
				"$(DERIVED_FILE_DIR)/Pods-walletJobKitTests-checkManifestLockResult.txt",
			);
			runOnlyForDeploymentPostprocessing = 0;
			shellPath = /bin/sh;
			shellScript = "diff \"${PODS_PODFILE_DIR_PATH}/Podfile.lock\" \"${PODS_ROOT}/Manifest.lock\" > /dev/null\nif [ $? != 0 ] ; then\n    # print error to STDERR\n    echo \"error: The sandbox is not in sync with the Podfile.lock. Run 'pod install' or update your CocoaPods installation.\" >&2\n    exit 1\nfi\n# This output is used by Xcode 'outputs' to avoid re-running this script phase.\necho \"SUCCESS\" > \"${SCRIPT_OUTPUT_FILE_0}\"\n";
			showEnvVarsInLog = 0;
		};
		E93AC83EAE4F3DF11EC4ACF2 /* [CP] Embed Pods Frameworks */ = {
			isa = PBXShellScriptBuildPhase;
			buildActionMask = 2147483647;
			files = (
			);
			inputFileListPaths = (
				"${PODS_ROOT}/Target Support Files/Pods-walletJob/Pods-walletJob-frameworks-${CONFIGURATION}-input-files.xcfilelist",
			);
			name = "[CP] Embed Pods Frameworks";
			outputFileListPaths = (
				"${PODS_ROOT}/Target Support Files/Pods-walletJob/Pods-walletJob-frameworks-${CONFIGURATION}-output-files.xcfilelist",
			);
			runOnlyForDeploymentPostprocessing = 0;
			shellPath = /bin/sh;
			shellScript = "\"${PODS_ROOT}/Target Support Files/Pods-walletJob/Pods-walletJob-frameworks.sh\"\n";
			showEnvVarsInLog = 0;
		};
/* End PBXShellScriptBuildPhase section */

/* Begin PBXSourcesBuildPhase section */
		FA212EE5242E23E800C39799 /* Sources */ = {
			isa = PBXSourcesBuildPhase;
			buildActionMask = 2147483647;
			files = (
<<<<<<< Updated upstream
				FA526505244382F40094348E /* LoginViewController.swift in Sources */,
				FA212EF1242E23E800C39799 /* WelcomeViewController.swift in Sources */,
				FA212EED242E23E800C39799 /* AppDelegate.swift in Sources */,
				FA5264FC24437E210094348E /* BaseViewController.swift in Sources */,
=======
				FA1DDDC6243A6263004988A9 /* WelcomeInteractor.swift in Sources */,
				FA67E627243AA12200598495 /* WelcomeInteractorProtocol.swift in Sources */,
				FA1DDDCE243A62B1004988A9 /* WelcomePresenter.swift in Sources */,
				FA67E61F243A8C2400598495 /* RegisterViewController.swift in Sources */,
				FA67E625243A947B00598495 /* Repository.swift in Sources */,
				FA212EF1242E23E800C39799 /* WelcomeViewController.swift in Sources */,
				FA212EED242E23E800C39799 /* AppDelegate.swift in Sources */,
				FA1DDDD2243A62D6004988A9 /* WelcomeRouter.swift in Sources */,
				FA1DDDD0243A62C1004988A9 /* WelcomeEntity.swift in Sources */,
>>>>>>> Stashed changes
			);
			runOnlyForDeploymentPostprocessing = 0;
		};
		FA212EFB242E23ED00C39799 /* Sources */ = {
			isa = PBXSourcesBuildPhase;
			buildActionMask = 2147483647;
			files = (
				FA212F04242E23ED00C39799 /* walletJobTests.swift in Sources */,
			);
			runOnlyForDeploymentPostprocessing = 0;
		};
		FA212F10242E677400C39799 /* Sources */ = {
			isa = PBXSourcesBuildPhase;
			buildActionMask = 2147483647;
			files = (
<<<<<<< Updated upstream
				FAF4344B2443B02200BEA49E /* Offer.swift in Sources */,
				FAF4345C24446E8400BEA49E /* VaultDataManager.swift in Sources */,
				FA212F3D242E69A000C39799 /* String+Helper.swift in Sources */,
				FA212F3B242E696B00C39799 /* UIView+Helper.swift in Sources */,
				FAF4346824447EA900BEA49E /* Cache.swift in Sources */,
				FAF4345E24446ECA00BEA49E /* UserDataManager.swift in Sources */,
				FAF434492443AF9700BEA49E /* User.swift in Sources */,
				FAF3833C2444A35C0052865C /* Constants.swift in Sources */,
				FAF43462244472E300BEA49E /* DataManager.swift in Sources */,
				FAF383392444A3150052865C /* UserDefaults.swift in Sources */,
				FAF434602444708200BEA49E /* CacheDataManager.swift in Sources */,
				FAF434662444761B00BEA49E /* CoreDataManager.swift in Sources */,
				FAF43464244475D400BEA49E /* RealmDataManager.swift in Sources */,
=======
				FA67E623243A932400598495 /* Repository.swift in Sources */,
				FA212F4C2430DD9200C39799 /* UIScrollView+Helper.swift in Sources */,
				FA212F46242FF7A300C39799 /* NSError+Helper.swift in Sources */,
				FA212F48242FF8A600C39799 /* NSObject+ClassName.swift in Sources */,
				FA212F4A242FF97000C39799 /* UITableView+Helper.swift in Sources */,
				FA212F3D242E69A000C39799 /* String+Helper.swift in Sources */,
				FA212F3B242E696B00C39799 /* UIView+Helper.swift in Sources */,
				FA67E624243A93A500598495 /* WelcomeEntity.swift in Sources */,
>>>>>>> Stashed changes
			);
			runOnlyForDeploymentPostprocessing = 0;
		};
		FA212F18242E677400C39799 /* Sources */ = {
			isa = PBXSourcesBuildPhase;
			buildActionMask = 2147483647;
			files = (
				FA212F24242E677400C39799 /* walletJobKitTests.swift in Sources */,
			);
			runOnlyForDeploymentPostprocessing = 0;
		};
/* End PBXSourcesBuildPhase section */

/* Begin PBXTargetDependency section */
		FA212F01242E23ED00C39799 /* PBXTargetDependency */ = {
			isa = PBXTargetDependency;
			target = FA212EE8242E23E800C39799 /* walletJob */;
			targetProxy = FA212F00242E23ED00C39799 /* PBXContainerItemProxy */;
		};
		FA212F1F242E677400C39799 /* PBXTargetDependency */ = {
			isa = PBXTargetDependency;
			target = FA212F13242E677400C39799 /* walletJobKit */;
			targetProxy = FA212F1E242E677400C39799 /* PBXContainerItemProxy */;
		};
		FA212F21242E677400C39799 /* PBXTargetDependency */ = {
			isa = PBXTargetDependency;
			target = FA212EE8242E23E800C39799 /* walletJob */;
			targetProxy = FA212F20242E677400C39799 /* PBXContainerItemProxy */;
		};
		FA212F28242E677400C39799 /* PBXTargetDependency */ = {
			isa = PBXTargetDependency;
			target = FA212F13242E677400C39799 /* walletJobKit */;
			targetProxy = FA212F27242E677400C39799 /* PBXContainerItemProxy */;
		};
/* End PBXTargetDependency section */

/* Begin PBXVariantGroup section */
		FA212EF7242E23ED00C39799 /* LaunchScreen.storyboard */ = {
			isa = PBXVariantGroup;
			children = (
				FA212EF8242E23ED00C39799 /* Base */,
			);
			name = LaunchScreen.storyboard;
			sourceTree = "<group>";
		};
/* End PBXVariantGroup section */

/* Begin XCBuildConfiguration section */
		FA212F06242E23ED00C39799 /* Debug */ = {
			isa = XCBuildConfiguration;
			buildSettings = {
				ALWAYS_SEARCH_USER_PATHS = NO;
				CLANG_ANALYZER_NONNULL = YES;
				CLANG_ANALYZER_NUMBER_OBJECT_CONVERSION = YES_AGGRESSIVE;
				CLANG_CXX_LANGUAGE_STANDARD = "gnu++14";
				CLANG_CXX_LIBRARY = "libc++";
				CLANG_ENABLE_MODULES = YES;
				CLANG_ENABLE_OBJC_ARC = YES;
				CLANG_ENABLE_OBJC_WEAK = YES;
				CLANG_WARN_BLOCK_CAPTURE_AUTORELEASING = YES;
				CLANG_WARN_BOOL_CONVERSION = YES;
				CLANG_WARN_COMMA = YES;
				CLANG_WARN_CONSTANT_CONVERSION = YES;
				CLANG_WARN_DEPRECATED_OBJC_IMPLEMENTATIONS = YES;
				CLANG_WARN_DIRECT_OBJC_ISA_USAGE = YES_ERROR;
				CLANG_WARN_DOCUMENTATION_COMMENTS = YES;
				CLANG_WARN_EMPTY_BODY = YES;
				CLANG_WARN_ENUM_CONVERSION = YES;
				CLANG_WARN_INFINITE_RECURSION = YES;
				CLANG_WARN_INT_CONVERSION = YES;
				CLANG_WARN_NON_LITERAL_NULL_CONVERSION = YES;
				CLANG_WARN_OBJC_IMPLICIT_RETAIN_SELF = YES;
				CLANG_WARN_OBJC_LITERAL_CONVERSION = YES;
				CLANG_WARN_OBJC_ROOT_CLASS = YES_ERROR;
				CLANG_WARN_RANGE_LOOP_ANALYSIS = YES;
				CLANG_WARN_STRICT_PROTOTYPES = YES;
				CLANG_WARN_SUSPICIOUS_MOVE = YES;
				CLANG_WARN_UNGUARDED_AVAILABILITY = YES_AGGRESSIVE;
				CLANG_WARN_UNREACHABLE_CODE = YES;
				CLANG_WARN__DUPLICATE_METHOD_MATCH = YES;
				COPY_PHASE_STRIP = NO;
				DEBUG_INFORMATION_FORMAT = dwarf;
				ENABLE_STRICT_OBJC_MSGSEND = YES;
				ENABLE_TESTABILITY = YES;
				GCC_C_LANGUAGE_STANDARD = gnu11;
				GCC_DYNAMIC_NO_PIC = NO;
				GCC_NO_COMMON_BLOCKS = YES;
				GCC_OPTIMIZATION_LEVEL = 0;
				GCC_PREPROCESSOR_DEFINITIONS = (
					"DEBUG=1",
					"$(inherited)",
				);
				GCC_WARN_64_TO_32_BIT_CONVERSION = YES;
				GCC_WARN_ABOUT_RETURN_TYPE = YES_ERROR;
				GCC_WARN_UNDECLARED_SELECTOR = YES;
				GCC_WARN_UNINITIALIZED_AUTOS = YES_AGGRESSIVE;
				GCC_WARN_UNUSED_FUNCTION = YES;
				GCC_WARN_UNUSED_VARIABLE = YES;
				IPHONEOS_DEPLOYMENT_TARGET = 13.4;
				MTL_ENABLE_DEBUG_INFO = INCLUDE_SOURCE;
				MTL_FAST_MATH = YES;
				ONLY_ACTIVE_ARCH = YES;
				SDKROOT = iphoneos;
				SWIFT_ACTIVE_COMPILATION_CONDITIONS = DEBUG;
				SWIFT_OPTIMIZATION_LEVEL = "-Onone";
			};
			name = Debug;
		};
		FA212F07242E23ED00C39799 /* Release */ = {
			isa = XCBuildConfiguration;
			buildSettings = {
				ALWAYS_SEARCH_USER_PATHS = NO;
				CLANG_ANALYZER_NONNULL = YES;
				CLANG_ANALYZER_NUMBER_OBJECT_CONVERSION = YES_AGGRESSIVE;
				CLANG_CXX_LANGUAGE_STANDARD = "gnu++14";
				CLANG_CXX_LIBRARY = "libc++";
				CLANG_ENABLE_MODULES = YES;
				CLANG_ENABLE_OBJC_ARC = YES;
				CLANG_ENABLE_OBJC_WEAK = YES;
				CLANG_WARN_BLOCK_CAPTURE_AUTORELEASING = YES;
				CLANG_WARN_BOOL_CONVERSION = YES;
				CLANG_WARN_COMMA = YES;
				CLANG_WARN_CONSTANT_CONVERSION = YES;
				CLANG_WARN_DEPRECATED_OBJC_IMPLEMENTATIONS = YES;
				CLANG_WARN_DIRECT_OBJC_ISA_USAGE = YES_ERROR;
				CLANG_WARN_DOCUMENTATION_COMMENTS = YES;
				CLANG_WARN_EMPTY_BODY = YES;
				CLANG_WARN_ENUM_CONVERSION = YES;
				CLANG_WARN_INFINITE_RECURSION = YES;
				CLANG_WARN_INT_CONVERSION = YES;
				CLANG_WARN_NON_LITERAL_NULL_CONVERSION = YES;
				CLANG_WARN_OBJC_IMPLICIT_RETAIN_SELF = YES;
				CLANG_WARN_OBJC_LITERAL_CONVERSION = YES;
				CLANG_WARN_OBJC_ROOT_CLASS = YES_ERROR;
				CLANG_WARN_RANGE_LOOP_ANALYSIS = YES;
				CLANG_WARN_STRICT_PROTOTYPES = YES;
				CLANG_WARN_SUSPICIOUS_MOVE = YES;
				CLANG_WARN_UNGUARDED_AVAILABILITY = YES_AGGRESSIVE;
				CLANG_WARN_UNREACHABLE_CODE = YES;
				CLANG_WARN__DUPLICATE_METHOD_MATCH = YES;
				COPY_PHASE_STRIP = NO;
				DEBUG_INFORMATION_FORMAT = "dwarf-with-dsym";
				ENABLE_NS_ASSERTIONS = NO;
				ENABLE_STRICT_OBJC_MSGSEND = YES;
				GCC_C_LANGUAGE_STANDARD = gnu11;
				GCC_NO_COMMON_BLOCKS = YES;
				GCC_WARN_64_TO_32_BIT_CONVERSION = YES;
				GCC_WARN_ABOUT_RETURN_TYPE = YES_ERROR;
				GCC_WARN_UNDECLARED_SELECTOR = YES;
				GCC_WARN_UNINITIALIZED_AUTOS = YES_AGGRESSIVE;
				GCC_WARN_UNUSED_FUNCTION = YES;
				GCC_WARN_UNUSED_VARIABLE = YES;
				IPHONEOS_DEPLOYMENT_TARGET = 13.4;
				MTL_ENABLE_DEBUG_INFO = NO;
				MTL_FAST_MATH = YES;
				SDKROOT = iphoneos;
				SWIFT_COMPILATION_MODE = wholemodule;
				SWIFT_OPTIMIZATION_LEVEL = "-O";
				VALIDATE_PRODUCT = YES;
			};
			name = Release;
		};
		FA212F09242E23ED00C39799 /* Debug */ = {
			isa = XCBuildConfiguration;
			baseConfigurationReference = FA212F34242E67C500C39799 /* walletJob_debug.xcconfig */;
			buildSettings = {
				ALWAYS_EMBED_SWIFT_STANDARD_LIBRARIES = YES;
				ASSETCATALOG_COMPILER_APPICON_NAME = AppIcon;
				CODE_SIGN_STYLE = Automatic;
				DEVELOPMENT_TEAM = P73328WY25;
				INFOPLIST_FILE = "$(SRCROOT)/walletJob/Assets/Info.plist";
				LD_RUNPATH_SEARCH_PATHS = (
					"$(inherited)",
					"@executable_path/Frameworks",
				);
				PRODUCT_BUNDLE_IDENTIFIER = "$(PRODUCT_BUNDLE_IDENTIFIER)";
				PRODUCT_NAME = "$(TARGET_NAME)";
				SWIFT_VERSION = 5.0;
				TARGETED_DEVICE_FAMILY = "1,2";
			};
			name = Debug;
		};
		FA212F0A242E23ED00C39799 /* Release */ = {
			isa = XCBuildConfiguration;
			baseConfigurationReference = FA212F35242E67E600C39799 /* walletJob_release.xcconfig */;
			buildSettings = {
				ALWAYS_EMBED_SWIFT_STANDARD_LIBRARIES = YES;
				ASSETCATALOG_COMPILER_APPICON_NAME = AppIcon;
				CODE_SIGN_STYLE = Automatic;
				DEVELOPMENT_TEAM = P73328WY25;
				INFOPLIST_FILE = "$(SRCROOT)/walletJob/Assets/Info.plist";
				LD_RUNPATH_SEARCH_PATHS = (
					"$(inherited)",
					"@executable_path/Frameworks",
				);
				PRODUCT_BUNDLE_IDENTIFIER = "$(PRODUCT_BUNDLE_IDENTIFIER)";
				PRODUCT_NAME = "$(TARGET_NAME)";
				SWIFT_VERSION = 5.0;
				TARGETED_DEVICE_FAMILY = "1,2";
			};
			name = Release;
		};
		FA212F0C242E23ED00C39799 /* Debug */ = {
			isa = XCBuildConfiguration;
			baseConfigurationReference = 4ABFEE1DB1231C8481B92117 /* Pods-walletJobTests.debug.xcconfig */;
			buildSettings = {
				BUNDLE_LOADER = "$(TEST_HOST)";
				CODE_SIGN_STYLE = Automatic;
				DEVELOPMENT_TEAM = P73328WY25;
				INFOPLIST_FILE = walletJobTests/Info.plist;
				IPHONEOS_DEPLOYMENT_TARGET = 13.4;
				LD_RUNPATH_SEARCH_PATHS = (
					"$(inherited)",
					"@executable_path/Frameworks",
					"@loader_path/Frameworks",
				);
				PRODUCT_BUNDLE_IDENTIFIER = com.alexware.walletJobTests;
				PRODUCT_NAME = "$(TARGET_NAME)";
				SWIFT_VERSION = 5.0;
				TARGETED_DEVICE_FAMILY = "1,2";
				TEST_HOST = "$(BUILT_PRODUCTS_DIR)/walletJob.app/walletJob";
			};
			name = Debug;
		};
		FA212F0D242E23ED00C39799 /* Release */ = {
			isa = XCBuildConfiguration;
			baseConfigurationReference = 73C1038DB29C936D8BE8C96D /* Pods-walletJobTests.release.xcconfig */;
			buildSettings = {
				BUNDLE_LOADER = "$(TEST_HOST)";
				CODE_SIGN_STYLE = Automatic;
				DEVELOPMENT_TEAM = P73328WY25;
				INFOPLIST_FILE = walletJobTests/Info.plist;
				IPHONEOS_DEPLOYMENT_TARGET = 13.4;
				LD_RUNPATH_SEARCH_PATHS = (
					"$(inherited)",
					"@executable_path/Frameworks",
					"@loader_path/Frameworks",
				);
				PRODUCT_BUNDLE_IDENTIFIER = com.alexware.walletJobTests;
				PRODUCT_NAME = "$(TARGET_NAME)";
				SWIFT_VERSION = 5.0;
				TARGETED_DEVICE_FAMILY = "1,2";
				TEST_HOST = "$(BUILT_PRODUCTS_DIR)/walletJob.app/walletJob";
			};
			name = Release;
		};
		FA212F2C242E677400C39799 /* Debug */ = {
			isa = XCBuildConfiguration;
			baseConfigurationReference = CB4866E933DA049AF2529644 /* Pods-walletJobKit.debug.xcconfig */;
			buildSettings = {
				ALWAYS_EMBED_SWIFT_STANDARD_LIBRARIES = YES;
				CLANG_ENABLE_MODULES = YES;
				CODE_SIGN_STYLE = Automatic;
				CURRENT_PROJECT_VERSION = 1;
				DEFINES_MODULE = YES;
				DEVELOPMENT_TEAM = P73328WY25;
				DYLIB_COMPATIBILITY_VERSION = 1;
				DYLIB_CURRENT_VERSION = 1;
				DYLIB_INSTALL_NAME_BASE = "@rpath";
				INFOPLIST_FILE = walletJobKit/Info.plist;
				INSTALL_PATH = "$(LOCAL_LIBRARY_DIR)/Frameworks";
				LD_RUNPATH_SEARCH_PATHS = (
					"$(inherited)",
					"@executable_path/Frameworks",
					"@loader_path/Frameworks",
				);
				PRODUCT_BUNDLE_IDENTIFIER = com.alexware.walletJobKit;
				PRODUCT_NAME = "$(TARGET_NAME:c99extidentifier)";
				SKIP_INSTALL = YES;
				SWIFT_OPTIMIZATION_LEVEL = "-Onone";
				SWIFT_VERSION = 5.0;
				TARGETED_DEVICE_FAMILY = "1,2";
				VERSIONING_SYSTEM = "apple-generic";
				VERSION_INFO_PREFIX = "";
			};
			name = Debug;
		};
		FA212F2D242E677400C39799 /* Release */ = {
			isa = XCBuildConfiguration;
			baseConfigurationReference = 33277068E127A66CD3C34C12 /* Pods-walletJobKit.release.xcconfig */;
			buildSettings = {
				ALWAYS_EMBED_SWIFT_STANDARD_LIBRARIES = YES;
				CLANG_ENABLE_MODULES = YES;
				CODE_SIGN_STYLE = Automatic;
				CURRENT_PROJECT_VERSION = 1;
				DEFINES_MODULE = YES;
				DEVELOPMENT_TEAM = P73328WY25;
				DYLIB_COMPATIBILITY_VERSION = 1;
				DYLIB_CURRENT_VERSION = 1;
				DYLIB_INSTALL_NAME_BASE = "@rpath";
				INFOPLIST_FILE = walletJobKit/Info.plist;
				INSTALL_PATH = "$(LOCAL_LIBRARY_DIR)/Frameworks";
				LD_RUNPATH_SEARCH_PATHS = (
					"$(inherited)",
					"@executable_path/Frameworks",
					"@loader_path/Frameworks",
				);
				PRODUCT_BUNDLE_IDENTIFIER = com.alexware.walletJobKit;
				PRODUCT_NAME = "$(TARGET_NAME:c99extidentifier)";
				SKIP_INSTALL = YES;
				SWIFT_VERSION = 5.0;
				TARGETED_DEVICE_FAMILY = "1,2";
				VERSIONING_SYSTEM = "apple-generic";
				VERSION_INFO_PREFIX = "";
			};
			name = Release;
		};
		FA212F30242E677400C39799 /* Debug */ = {
			isa = XCBuildConfiguration;
			baseConfigurationReference = 9E9270BEC77880040FD9EAA5 /* Pods-walletJobKitTests.debug.xcconfig */;
			buildSettings = {
				BUNDLE_LOADER = "$(TEST_HOST)";
				CODE_SIGN_STYLE = Automatic;
				DEVELOPMENT_TEAM = P73328WY25;
				INFOPLIST_FILE = walletJobKitTests/Info.plist;
				LD_RUNPATH_SEARCH_PATHS = (
					"$(inherited)",
					"@executable_path/Frameworks",
					"@loader_path/Frameworks",
				);
				PRODUCT_BUNDLE_IDENTIFIER = com.alexware.walletJobKitTests;
				PRODUCT_NAME = "$(TARGET_NAME)";
				SWIFT_VERSION = 5.0;
				TARGETED_DEVICE_FAMILY = "1,2";
				TEST_HOST = "$(BUILT_PRODUCTS_DIR)/walletJob.app/walletJob";
			};
			name = Debug;
		};
		FA212F31242E677400C39799 /* Release */ = {
			isa = XCBuildConfiguration;
			baseConfigurationReference = C7E0947440FCA9D15BB34050 /* Pods-walletJobKitTests.release.xcconfig */;
			buildSettings = {
				BUNDLE_LOADER = "$(TEST_HOST)";
				CODE_SIGN_STYLE = Automatic;
				DEVELOPMENT_TEAM = P73328WY25;
				INFOPLIST_FILE = walletJobKitTests/Info.plist;
				LD_RUNPATH_SEARCH_PATHS = (
					"$(inherited)",
					"@executable_path/Frameworks",
					"@loader_path/Frameworks",
				);
				PRODUCT_BUNDLE_IDENTIFIER = com.alexware.walletJobKitTests;
				PRODUCT_NAME = "$(TARGET_NAME)";
				SWIFT_VERSION = 5.0;
				TARGETED_DEVICE_FAMILY = "1,2";
				TEST_HOST = "$(BUILT_PRODUCTS_DIR)/walletJob.app/walletJob";
			};
			name = Release;
		};
/* End XCBuildConfiguration section */

/* Begin XCConfigurationList section */
		FA212EE4242E23E800C39799 /* Build configuration list for PBXProject "walletJob" */ = {
			isa = XCConfigurationList;
			buildConfigurations = (
				FA212F06242E23ED00C39799 /* Debug */,
				FA212F07242E23ED00C39799 /* Release */,
			);
			defaultConfigurationIsVisible = 0;
			defaultConfigurationName = Release;
		};
		FA212F08242E23ED00C39799 /* Build configuration list for PBXNativeTarget "walletJob" */ = {
			isa = XCConfigurationList;
			buildConfigurations = (
				FA212F09242E23ED00C39799 /* Debug */,
				FA212F0A242E23ED00C39799 /* Release */,
			);
			defaultConfigurationIsVisible = 0;
			defaultConfigurationName = Release;
		};
		FA212F0B242E23ED00C39799 /* Build configuration list for PBXNativeTarget "walletJobTests" */ = {
			isa = XCConfigurationList;
			buildConfigurations = (
				FA212F0C242E23ED00C39799 /* Debug */,
				FA212F0D242E23ED00C39799 /* Release */,
			);
			defaultConfigurationIsVisible = 0;
			defaultConfigurationName = Release;
		};
		FA212F2B242E677400C39799 /* Build configuration list for PBXNativeTarget "walletJobKit" */ = {
			isa = XCConfigurationList;
			buildConfigurations = (
				FA212F2C242E677400C39799 /* Debug */,
				FA212F2D242E677400C39799 /* Release */,
			);
			defaultConfigurationIsVisible = 0;
			defaultConfigurationName = Release;
		};
		FA212F2F242E677400C39799 /* Build configuration list for PBXNativeTarget "walletJobKitTests" */ = {
			isa = XCConfigurationList;
			buildConfigurations = (
				FA212F30242E677400C39799 /* Debug */,
				FA212F31242E677400C39799 /* Release */,
			);
			defaultConfigurationIsVisible = 0;
			defaultConfigurationName = Release;
		};
/* End XCConfigurationList section */

/* Begin XCRemoteSwiftPackageReference section */
		FA5264EF24437CA50094348E /* XCRemoteSwiftPackageReference "RxSwift" */ = {
			isa = XCRemoteSwiftPackageReference;
			repositoryURL = "https://github.com/ReactiveX/RxSwift.git";
			requirement = {
				kind = upToNextMajorVersion;
				minimumVersion = 5.1.1;
			};
		};
/* End XCRemoteSwiftPackageReference section */

/* Begin XCSwiftPackageProductDependency section */
		FA5264F024437CA50094348E /* RxSwift */ = {
			isa = XCSwiftPackageProductDependency;
			package = FA5264EF24437CA50094348E /* XCRemoteSwiftPackageReference "RxSwift" */;
			productName = RxSwift;
		};
		FA5264F224437CA50094348E /* RxTest */ = {
			isa = XCSwiftPackageProductDependency;
			package = FA5264EF24437CA50094348E /* XCRemoteSwiftPackageReference "RxSwift" */;
			productName = RxTest;
		};
		FA5264F424437CA50094348E /* RxRelay */ = {
			isa = XCSwiftPackageProductDependency;
			package = FA5264EF24437CA50094348E /* XCRemoteSwiftPackageReference "RxSwift" */;
			productName = RxRelay;
		};
		FA5264F624437CA50094348E /* RxCocoa */ = {
			isa = XCSwiftPackageProductDependency;
			package = FA5264EF24437CA50094348E /* XCRemoteSwiftPackageReference "RxSwift" */;
			productName = RxCocoa;
		};
		FA5264F824437CA50094348E /* RxBlocking */ = {
			isa = XCSwiftPackageProductDependency;
			package = FA5264EF24437CA50094348E /* XCRemoteSwiftPackageReference "RxSwift" */;
			productName = RxBlocking;
		};
/* End XCSwiftPackageProductDependency section */
	};
	rootObject = FA212EE1242E23E800C39799 /* Project object */;
}
