PODS:
  - KeychainAccess (4.1.0)
  - Realm (4.4.0):
    - Realm/Headers (= 4.4.0)
  - Realm/Headers (4.4.0)

DEPENDENCIES:
  - KeychainAccess
  - Realm

SPEC REPOS:
  https://github.com/CocoaPods/Specs.git:
    - KeychainAccess
    - Realm

SPEC CHECKSUMS:
  KeychainAccess: 445e28864fe6d3458b41fa211bcdc39890e8bd5a
  Realm: e125f464884cda953ebefe70c671b75b03b81b9b

PODFILE CHECKSUM: 0cc0e80d4188dad7e927a81e6e309d2ca19a877f

COCOAPODS: 1.9.1
